
Microsoft Visual Studio Solution File, Format Version 12.00
# Visual Studio Version 17
VisualStudioVersion = 17.7.34009.444
MinimumVisualStudioVersion = 10.0.40219.1
Project("{FAE04EC0-301F-11D3-BF4B-00C04F79EFBC}") = "YMM4-CapCut", "YMM4-CapCut\YMM4-CapCut.csproj", "{F8FD5F29-8DC2-4BE9-BC58-83D5D4A821CB}"
EndProject
Global
	GlobalSection(SolutionConfigurationPlatforms) = preSolution
		Debug|Any CPU = Debug|Any CPU
		Release|Any CPU = Release|Any CPU
	EndGlobalSection
	GlobalSection(ProjectConfigurationPlatforms) = postSolution
		{F8FD5F29-8DC2-4BE9-BC58-83D5D4A821CB}.Debug|Any CPU.ActiveCfg = Debug|Any CPU
		{F8FD5F29-8DC2-4BE9-BC58-83D5D4A821CB}.Debug|Any CPU.Build.0 = Debug|Any CPU
		{F8FD5F29-8DC2-4BE9-BC58-83D5D4A821CB}.Release|Any CPU.ActiveCfg = Release|Any CPU
		{F8FD5F29-8DC2-4BE9-BC58-83D5D4A821CB}.Release|Any CPU.Build.0 = Release|Any CPU
	EndGlobalSection
	GlobalSection(SolutionProperties) = preSolution
		HideSolutionNode = FALSE
	EndGlobalSection
	GlobalSection(ExtensibilityGlobals) = postSolution
		SolutionGuid = {59908856-3929-40AB-8A2D-F0BF285F95B5}
	EndGlobalSection
EndGlobal
